{
    "_readme": [
        "This file locks the dependencies of your project to a known state",
        "Read more about it at https://getcomposer.org/doc/01-basic-usage.md#composer-lock-the-lock-file",
        "This file is @generated automatically"
    ],
    "hash": "e02685ff7d2409d34fa87e306fc86ec5",
    "content-hash": "2854c05c76a78113c693dbbdd3f9c518",
    "packages": [
        {
            "name": "hirak/prestissimo",
            "version": "0.1.18",
            "source": {
                "type": "git",
                "url": "https://github.com/hirak/prestissimo.git",
                "reference": "84e9fb79ec18a4428c5a0c032eacac640d89be5d"
            },
            "dist": {
                "type": "zip",
                "url": "https://codeload.github.com/hirak/prestissimo/legacy.zip/84e9fb79ec18a4428c5a0c032eacac640d89be5d",
                "reference": "84e9fb79ec18a4428c5a0c032eacac640d89be5d",
                "shasum": ""
            },
            "require": {
                "composer-plugin-api": "~1.0.0-alpha10",
                "ext-curl": "*",
                "php": ">=5.3.2"
            },
            "require-dev": {
                "composer/composer": "1.0.0-alpha10",
                "phpunit/phpunit": "^4.8",
                "squizlabs/php_codesniffer": "^2.5"
            },
            "type": "composer-plugin",
            "extra": {
                "class": "Hirak\\Prestissimo\\Plugin"
            },
            "autoload": {
                "psr-4": {
                    "Hirak\\Prestissimo\\": "src/"
                }
            },
            "notification-url": "https://packagist.org/downloads/",
            "license": [
                "MIT"
            ],
            "authors": [
                {
                    "name": "Hiraku NAKANO",
                    "email": "hiraku@tojiru.net"
                }
            ],
            "description": "composer parallel install plugin",
            "keywords": [
                "install",
                "parallel",
                "speedup"
            ],
            "time": "2016-03-17 13:53:53"
        }
    ],
    "packages-dev": [],
    "aliases": [],
    "minimum-stability": "stable",
    "stability-flags": [],
    "prefer-stable": false,
    "prefer-lowest": false,
    "platform": [],
    "platform-dev": []
}
