{
    "_readme": [
        "This file locks the dependencies of your project to a known state",
        "Read more about it at https://getcomposer.org/doc/01-basic-usage.md#composer-lock-the-lock-file",
        "This file is @generated automatically"
    ],
    "hash": "14a4e0fba857b6e49c635e8ca5dc4934",
    "content-hash": "58da15f65f6995cdf09941de0ded1d6e",
    "packages": [
        {
            "name": "hirak/prestissimo",
            "version": "dev-master",
            "source": {
                "type": "git",
                "url": "https://github.com/hirak/prestissimo.git",
                "reference": "dd5cdcdc4369ca0ca57d077d3df89e403586d21a"
            },
            "dist": {
                "type": "zip",
                "url": "https://api.github.com/repos/hirak/prestissimo/zipball/dd5cdcdc4369ca0ca57d077d3df89e403586d21a",
                "reference": "dd5cdcdc4369ca0ca57d077d3df89e403586d21a",
                "shasum": ""
            },
            "require": {
                "composer-plugin-api": "^1.0.0",
                "ext-curl": "*",
                "php": ">=5.3.2"
            },
            "require-dev": {
                "composer/composer": "1.0.0",
                "phpunit/phpunit": "^4.8",
                "squizlabs/php_codesniffer": "^2.5"
            },
            "type": "composer-plugin",
            "extra": {
                "class": "Hirak\\Prestissimo\\Plugin"
            },
            "autoload": {
                "psr-4": {
                    "Hirak\\Prestissimo\\": "src/"
                }
            },
            "notification-url": "https://packagist.org/downloads/",
            "license": [
                "MIT"
            ],
            "authors": [
                {
                    "name": "Hiraku NAKANO",
                    "email": "hiraku@tojiru.net"
                }
            ],
            "description": "composer parallel install plugin",
            "keywords": [
                "install",
                "parallel",
                "speedup"
            ],
            "time": "2016-05-10 05:55:04"
        }
    ],
    "packages-dev": [],
    "aliases": [],
    "minimum-stability": "stable",
    "stability-flags": {
        "hirak/prestissimo": 20
    },
    "prefer-stable": false,
    "prefer-lowest": false,
    "platform": [],
    "platform-dev": []
}
