data:
    single_line: 'foo bar baz'
    multi_line: |
        foo
        line with trailing spaces:
          
        bar
        integer like line:
        123456789
        empty line:
        
        baz
    nested_inlined_multi_line_string:
        inlined_multi_line: "foo\nbar\r\nempty line:\n\nbaz"
